
Microsoft Visual Studio Solution File, Format Version 12.00
Project("{FAE04EC0-301F-11D3-BF4B-00C04F79EFBC}") = "EFCore.Api", "EFCore.Api\EFCore.Api.csproj", "{ADC27D74-7016-4E7E-ADE3-8517406E57D2}"
EndProject
Global
	GlobalSection(SolutionConfigurationPlatforms) = preSolution
		Debug|Any CPU = Debug|Any CPU
		Release|Any CPU = Release|Any CPU
	EndGlobalSection
	GlobalSection(ProjectConfigurationPlatforms) = postSolution
		{ADC27D74-7016-4E7E-ADE3-8517406E57D2}.Debug|Any CPU.ActiveCfg = Debug|Any CPU
		{ADC27D74-7016-4E7E-ADE3-8517406E57D2}.Debug|Any CPU.Build.0 = Debug|Any CPU
		{ADC27D74-7016-4E7E-ADE3-8517406E57D2}.Release|Any CPU.ActiveCfg = Release|Any CPU
		{ADC27D74-7016-4E7E-ADE3-8517406E57D2}.Release|Any CPU.Build.0 = Release|Any CPU
	EndGlobalSection
EndGlobal
